
Microsoft Visual Studio Solution File, Format Version 12.00
# Visual Studio Version 17
VisualStudioVersion = 17.10.35013.160
MinimumVisualStudioVersion = 10.0.40219.1
Project("{FAE04EC0-301F-11D3-BF4B-00C04F79EFBC}") = "PoetAPI", "PoetAPI.csproj", "{D21C1BDB-0818-47CC-B900-6FEA813CB280}"
EndProject
Global
	GlobalSection(SolutionConfigurationPlatforms) = preSolution
		Debug|Any CPU = Debug|Any CPU
		Release|Any CPU = Release|Any CPU
	EndGlobalSection
	GlobalSection(ProjectConfigurationPlatforms) = postSolution
		{D21C1BDB-0818-47CC-B900-6FEA813CB280}.Debug|Any CPU.ActiveCfg = Debug|Any CPU
		{D21C1BDB-0818-47CC-B900-6FEA813CB280}.Debug|Any CPU.Build.0 = Debug|Any CPU
		{D21C1BDB-0818-47CC-B900-6FEA813CB280}.Release|Any CPU.ActiveCfg = Release|Any CPU
		{D21C1BDB-0818-47CC-B900-6FEA813CB280}.Release|Any CPU.Build.0 = Release|Any CPU
	EndGlobalSection
	GlobalSection(SolutionProperties) = preSolution
		HideSolutionNode = FALSE
	EndGlobalSection
	GlobalSection(ExtensibilityGlobals) = postSolution
		SolutionGuid = {841CD3F2-EFAD-419A-80DA-D79F911A0E60}
	EndGlobalSection
EndGlobal
